# This file is automatically @generated by Cargo.
# It is not intended for manual editing.
version = 3

[[package]]
name = "GSL"
version = "7.0.0"
source = "registry+https://github.com/rust-lang/crates.io-index"
checksum = "db3943d5a15b5c46e991124abee6a1bc89c7c9ffb25dbb8aeb4eab926fd9b307"
dependencies = [
 "GSL-sys",
 "paste",
]

[[package]]
name = "GSL-sys"
version = "3.0.0"
source = "registry+https://github.com/rust-lang/crates.io-index"
checksum = "4577670dcc0720995dc39f04c438595eaae8ccc27f4aafd3e572dd408d01bd9d"
dependencies = [
 "libc",
 "pkg-config",
]

[[package]]
name = "WangAnLAng"
version = "0.1.0"
dependencies = [
 "GSL",
 "parsel",
 "serde",
 "serde_json",
]

[[package]]
name = "arrayvec"
version = "0.7.6"
source = "registry+https://github.com/rust-lang/crates.io-index"
checksum = "7c02d123df017efcdfbd739ef81735b36c5ba83ec3c59c80a9d7ecc718f92e50"

[[package]]
name = "autocfg"
version = "1.4.0"
source = "registry+https://github.com/rust-lang/crates.io-index"
checksum = "ace50bade8e6234aa140d9a2f552bbee1db4d353f69b8217bc503490fc1a9f26"

[[package]]
name = "deluxe"
version = "0.5.0"
source = "registry+https://github.com/rust-lang/crates.io-index"
checksum = "8ed332aaf752b459088acf3dd4eca323e3ef4b83c70a84ca48fb0ec5305f1488"
dependencies = [
 "deluxe-core",
 "deluxe-macros",
 "once_cell",
 "proc-macro2",
 "syn",
]

[[package]]
name = "deluxe-core"
version = "0.5.0"
source = "registry+https://github.com/rust-lang/crates.io-index"
checksum = "eddada51c8576df9d6a8450c351ff63042b092c9458b8ac7d20f89cbd0ffd313"
dependencies = [
 "arrayvec",
 "proc-macro2",
 "quote",
 "strsim",
 "syn",
]

[[package]]
name = "deluxe-macros"
version = "0.5.0"
source = "registry+https://github.com/rust-lang/crates.io-index"
checksum = "f87546d9c837f0b7557e47b8bd6eae52c3c223141b76aa233c345c9ab41d9117"
dependencies = [
 "deluxe-core",
 "heck",
 "if_chain",
 "proc-macro-crate",
 "proc-macro2",
 "quote",
 "syn",
]

[[package]]
name = "equivalent"
version = "1.0.1"
source = "registry+https://github.com/rust-lang/crates.io-index"
checksum = "5443807d6dff69373d433ab9ef5378ad8df50ca6298caf15de6e52e24aaf54d5"

[[package]]
name = "hashbrown"
version = "0.15.0"
source = "registry+https://github.com/rust-lang/crates.io-index"
checksum = "1e087f84d4f86bf4b218b927129862374b72199ae7d8657835f1e89000eea4fb"

[[package]]
name = "heck"
version = "0.4.1"
source = "registry+https://github.com/rust-lang/crates.io-index"
checksum = "95505c38b4572b2d910cecb0281560f54b440a19336cbbcb27bf6ce6adc6f5a8"

[[package]]
name = "if_chain"
version = "1.0.2"
source = "registry+https://github.com/rust-lang/crates.io-index"
checksum = "cb56e1aa765b4b4f3aadfab769793b7087bb03a4ea4920644a6d238e2df5b9ed"

[[package]]
name = "indexmap"
version = "2.6.0"
source = "registry+https://github.com/rust-lang/crates.io-index"
checksum = "707907fe3c25f5424cce2cb7e1cbcafee6bdbe735ca90ef77c29e84591e5b9da"
dependencies = [
 "equivalent",
 "hashbrown",
]

[[package]]
name = "itoa"
version = "1.0.11"
source = "registry+https://github.com/rust-lang/crates.io-index"
checksum = "49f1f14873335454500d59611f1cf4a4b0f786f9ac11f4312a78e4cf2566695b"

[[package]]
name = "libc"
version = "0.2.167"
source = "registry+https://github.com/rust-lang/crates.io-index"
checksum = "09d6582e104315a817dff97f75133544b2e094ee22447d2acf4a74e189ba06fc"

[[package]]
name = "memchr"
version = "2.7.4"
source = "registry+https://github.com/rust-lang/crates.io-index"
checksum = "78ca9ab1a0babb1e7d5695e3530886289c18cf2f87ec19a575a0abdce112e3a3"

[[package]]
name = "num-traits"
version = "0.2.19"
source = "registry+https://github.com/rust-lang/crates.io-index"
checksum = "071dfc062690e90b734c0b2273ce72ad0ffa95f0c74596bc250dcfd960262841"
dependencies = [
 "autocfg",
]

[[package]]
name = "once_cell"
version = "1.20.2"
source = "registry+https://github.com/rust-lang/crates.io-index"
checksum = "1261fe7e33c73b354eab43b1273a57c8f967d0391e80353e51f764ac02cf6775"

[[package]]
name = "ordered-float"
version = "4.3.0"
source = "registry+https://github.com/rust-lang/crates.io-index"
checksum = "44d501f1a72f71d3c063a6bbc8f7271fa73aa09fe5d6283b6571e2ed176a2537"
dependencies = [
 "num-traits",
]

[[package]]
name = "parsel"
version = "0.16.0"
source = "registry+https://github.com/rust-lang/crates.io-index"
checksum = "8219a08ce4ea85fdd7d3e5eb253e37f269f6c4eef469de547f25ebdb6abed6a4"
dependencies = [
 "ordered-float",
 "parsel_derive",
 "proc-macro2",
 "quote",
 "syn",
]

[[package]]
name = "parsel_derive"
version = "0.16.0"
source = "registry+https://github.com/rust-lang/crates.io-index"
checksum = "f75d6402717274d0f4f095a02fe2edbef193a3a608e18aeb874baf26f5748515"
dependencies = [
 "deluxe",
 "proc-macro2",
 "quote",
 "syn",
]

[[package]]
name = "paste"
version = "1.0.15"
source = "registry+https://github.com/rust-lang/crates.io-index"
checksum = "57c0d7b74b563b49d38dae00a0c37d4d6de9b432382b2892f0574ddcae73fd0a"

[[package]]
name = "pkg-config"
version = "0.3.31"
source = "registry+https://github.com/rust-lang/crates.io-index"
checksum = "953ec861398dccce10c670dfeaf3ec4911ca479e9c02154b3a215178c5f566f2"

[[package]]
name = "proc-macro-crate"
version = "1.3.1"
source = "registry+https://github.com/rust-lang/crates.io-index"
checksum = "7f4c021e1093a56626774e81216a4ce732a735e5bad4868a03f3ed65ca0c3919"
dependencies = [
 "once_cell",
 "toml_edit",
]

[[package]]
name = "proc-macro2"
version = "1.0.87"
source = "registry+https://github.com/rust-lang/crates.io-index"
checksum = "b3e4daa0dcf6feba26f985457cdf104d4b4256fc5a09547140f3631bb076b19a"
dependencies = [
 "unicode-ident",
]

[[package]]
name = "quote"
version = "1.0.37"
source = "registry+https://github.com/rust-lang/crates.io-index"
checksum = "b5b9d34b8991d19d98081b46eacdd8eb58c6f2b201139f7c5f643cc155a633af"
dependencies = [
 "proc-macro2",
]

[[package]]
name = "ryu"
version = "1.0.18"
source = "registry+https://github.com/rust-lang/crates.io-index"
checksum = "f3cb5ba0dc43242ce17de99c180e96db90b235b8a9fdc9543c96d2209116bd9f"

[[package]]
name = "serde"
version = "1.0.210"
source = "registry+https://github.com/rust-lang/crates.io-index"
checksum = "c8e3592472072e6e22e0a54d5904d9febf8508f65fb8552499a1abc7d1078c3a"
dependencies = [
 "serde_derive",
]

[[package]]
name = "serde_derive"
version = "1.0.210"
source = "registry+https://github.com/rust-lang/crates.io-index"
checksum = "243902eda00fad750862fc144cea25caca5e20d615af0a81bee94ca738f1df1f"
dependencies = [
 "proc-macro2",
 "quote",
 "syn",
]

[[package]]
name = "serde_json"
version = "1.0.128"
source = "registry+https://github.com/rust-lang/crates.io-index"
checksum = "6ff5456707a1de34e7e37f2a6fd3d3f808c318259cbd01ab6377795054b483d8"
dependencies = [
 "itoa",
 "memchr",
 "ryu",
 "serde",
]

[[package]]
name = "strsim"
version = "0.10.0"
source = "registry+https://github.com/rust-lang/crates.io-index"
checksum = "73473c0e59e6d5812c5dfe2a064a6444949f089e20eec9a2e5506596494e4623"

[[package]]
name = "syn"
version = "2.0.79"
source = "registry+https://github.com/rust-lang/crates.io-index"
checksum = "89132cd0bf050864e1d38dc3bbc07a0eb8e7530af26344d3d2bbbef83499f590"
dependencies = [
 "proc-macro2",
 "quote",
 "unicode-ident",
]

[[package]]
name = "toml_datetime"
version = "0.6.8"
source = "registry+https://github.com/rust-lang/crates.io-index"
checksum = "0dd7358ecb8fc2f8d014bf86f6f638ce72ba252a2c3a2572f2a795f1d23efb41"

[[package]]
name = "toml_edit"
version = "0.19.15"
source = "registry+https://github.com/rust-lang/crates.io-index"
checksum = "1b5bb770da30e5cbfde35a2d7b9b8a2c4b8ef89548a7a6aeab5c9a576e3e7421"
dependencies = [
 "indexmap",
 "toml_datetime",
 "winnow",
]

[[package]]
name = "unicode-ident"
version = "1.0.13"
source = "registry+https://github.com/rust-lang/crates.io-index"
checksum = "e91b56cd4cadaeb79bbf1a5645f6b4f8dc5bde8834ad5894a8db35fda9efa1fe"

[[package]]
name = "winnow"
version = "0.5.40"
source = "registry+https://github.com/rust-lang/crates.io-index"
checksum = "f593a95398737aeed53e489c785df13f3618e41dbcd6718c6addbf1395aa6876"
dependencies = [
 "memchr",
]
